
Microsoft Visual Studio Solution File, Format Version 12.00
# Visual Studio Version 16
VisualStudioVersion = 16.0.29911.84
MinimumVisualStudioVersion = 10.0.40219.1
Project("{FAE04EC0-301F-11D3-BF4B-00C04F79EFBC}") = "TypingSpeed", "TypingSpeed.csproj", "{F5F6317C-9903-4A36-971C-AFB86841CB6B}"
EndProject
Global
	GlobalSection(SolutionConfigurationPlatforms) = preSolution
		Debug|Any CPU = Debug|Any CPU
		Release|Any CPU = Release|Any CPU
	EndGlobalSection
	GlobalSection(ProjectConfigurationPlatforms) = postSolution
		{F5F6317C-9903-4A36-971C-AFB86841CB6B}.Debug|Any CPU.ActiveCfg = Debug|Any CPU
		{F5F6317C-9903-4A36-971C-AFB86841CB6B}.Debug|Any CPU.Build.0 = Debug|Any CPU
		{F5F6317C-9903-4A36-971C-AFB86841CB6B}.Release|Any CPU.ActiveCfg = Release|Any CPU
		{F5F6317C-9903-4A36-971C-AFB86841CB6B}.Release|Any CPU.Build.0 = Release|Any CPU
	EndGlobalSection
	GlobalSection(SolutionProperties) = preSolution
		HideSolutionNode = FALSE
	EndGlobalSection
	GlobalSection(ExtensibilityGlobals) = postSolution
		SolutionGuid = {1D671CD2-3938-4E34-BE03-19D7159BB500}
	EndGlobalSection
EndGlobal
